<Solution>
  <Project Path="Enums.csproj" />
  <Project Path="Assembly-CSharp-Editor.csproj" />
  <Project Path="Table.csproj" />
  <Project Path="Classes.csproj" />
  <Project Path="Networking.csproj" />
  <Project Path="RootAssembly.csproj" />
  <Project Path="UI.csproj" />
  <Project Path="Structs.csproj" />
  <Project Path="Interfaces.csproj" />
</Solution>
